
Microsoft Visual Studio Solution File, Format Version 12.00
# Visual Studio Version 16
VisualStudioVersion = 16.0.30804.86
MinimumVisualStudioVersion = 10.0.40219.1
Project("{9A19103F-16F7-4668-BE54-9A1E7A4F7556}") = "loginCheck(1)", "homework5\loginCheck(1).csproj", "{A51ACCA2-D6BF-4BD1-82AB-442533CB7A33}"
EndProject
Project("{9A19103F-16F7-4668-BE54-9A1E7A4F7556}") = "message(2)", "message(2)\message(2).csproj", "{8D4C752A-00B3-4B61-9E55-664EF3105FBA}"
EndProject
Project("{9A19103F-16F7-4668-BE54-9A1E7A4F7556}") = "method(3)", "method(3)\method(3).csproj", "{BC7244A0-C732-40B6-B28C-6621389011D6}"
EndProject
Global
	GlobalSection(SolutionConfigurationPlatforms) = preSolution
		Debug|Any CPU = Debug|Any CPU
		Release|Any CPU = Release|Any CPU
	EndGlobalSection
	GlobalSection(ProjectConfigurationPlatforms) = postSolution
		{A51ACCA2-D6BF-4BD1-82AB-442533CB7A33}.Debug|Any CPU.ActiveCfg = Debug|Any CPU
		{A51ACCA2-D6BF-4BD1-82AB-442533CB7A33}.Debug|Any CPU.Build.0 = Debug|Any CPU
		{A51ACCA2-D6BF-4BD1-82AB-442533CB7A33}.Release|Any CPU.ActiveCfg = Release|Any CPU
		{A51ACCA2-D6BF-4BD1-82AB-442533CB7A33}.Release|Any CPU.Build.0 = Release|Any CPU
		{8D4C752A-00B3-4B61-9E55-664EF3105FBA}.Debug|Any CPU.ActiveCfg = Debug|Any CPU
		{8D4C752A-00B3-4B61-9E55-664EF3105FBA}.Debug|Any CPU.Build.0 = Debug|Any CPU
		{8D4C752A-00B3-4B61-9E55-664EF3105FBA}.Release|Any CPU.ActiveCfg = Release|Any CPU
		{8D4C752A-00B3-4B61-9E55-664EF3105FBA}.Release|Any CPU.Build.0 = Release|Any CPU
		{BC7244A0-C732-40B6-B28C-6621389011D6}.Debug|Any CPU.ActiveCfg = Debug|Any CPU
		{BC7244A0-C732-40B6-B28C-6621389011D6}.Debug|Any CPU.Build.0 = Debug|Any CPU
		{BC7244A0-C732-40B6-B28C-6621389011D6}.Release|Any CPU.ActiveCfg = Release|Any CPU
		{BC7244A0-C732-40B6-B28C-6621389011D6}.Release|Any CPU.Build.0 = Release|Any CPU
	EndGlobalSection
	GlobalSection(SolutionProperties) = preSolution
		HideSolutionNode = FALSE
	EndGlobalSection
	GlobalSection(ExtensibilityGlobals) = postSolution
		SolutionGuid = {2AC68CDD-54B8-4775-B475-DC5E70ED6FC1}
	EndGlobalSection
EndGlobal
